
Microsoft Visual Studio Solution File, Format Version 11.00
# Visual Studio 2010
Project("{002A2DE9-8BB6-484D-9802-7E4AD4084715}") = "mci.core", "src\mci\core\mci.core.visualdproj", "{84F6B84D-C7EF-4DCB-AF7F-9D7295CFEDB0}"
EndProject
Project("{2150E333-8FDC-42A3-9474-1A3956D46DE8}") = "Documents", "Documents", "{15874E22-14B9-4AB7-A121-9C3AE378BEE7}"
	ProjectSection(SolutionItems) = preProject
		AUTHORS = AUTHORS
		COMPATIBILITY = COMPATIBILITY
		INSTALL = INSTALL
		LICENSE = LICENSE
		README = README
		STYLE = STYLE
	EndProjectSection
EndProject
Project("{002A2DE9-8BB6-484D-9802-7E4AD4084715}") = "mci.assembler", "src\mci\assembler\mci.assembler.visualdproj", "{97197E6E-6919-4743-9637-DF02DE3E4667}"
EndProject
Project("{2150E333-8FDC-42A3-9474-1A3956D46DE8}") = "Miscellaneous", "Miscellaneous", "{F6494086-CE93-4F63-8501-29FD51EA7A71}"
	ProjectSection(SolutionItems) = preProject
		Makefile = Makefile
		mci.gdb = mci.gdb
	EndProjectSection
EndProject
Project("{2150E333-8FDC-42A3-9474-1A3956D46DE8}") = "Documentation", "Documentation", "{9956EC64-ACD3-4F73-A4E9-DEC06207DC54}"
	ProjectSection(SolutionItems) = preProject
		docs\index.rst = docs\index.rst
		docs\instruction_set.rst = docs\instruction_set.rst
		docs\intrinsics.rst = docs\intrinsics.rst
		docs\introduction.rst = docs\introduction.rst
		docs\terminology.rst = docs\terminology.rst
		docs\type_system.rst = docs\type_system.rst
	EndProjectSection
EndProject
Project("{2150E333-8FDC-42A3-9474-1A3956D46DE8}") = "Build", "Build", "{20057E24-56A3-437A-AC7A-0919CADB78BE}"
	ProjectSection(SolutionItems) = preProject
		docs\conf.py = docs\conf.py
		docs\make.bat = docs\make.bat
		docs\Makefile = docs\Makefile
	EndProjectSection
EndProject
Project("{002A2DE9-8BB6-484D-9802-7E4AD4084715}") = "mci.tester", "src\mci\tester\mci.tester.visualdproj", "{409812DF-0560-45D9-B1CE-5AB1CE474A9A}"
	ProjectSection(ProjectDependencies) = postProject
		{9375480A-9B77-4DE3-B19E-F40FB454A879} = {9375480A-9B77-4DE3-B19E-F40FB454A879}
		{4EFEDF14-10E5-4EE9-8EFB-9C4A8C131B64} = {4EFEDF14-10E5-4EE9-8EFB-9C4A8C131B64}
		{84F6B84D-C7EF-4DCB-AF7F-9D7295CFEDB0} = {84F6B84D-C7EF-4DCB-AF7F-9D7295CFEDB0}
		{5096CC5E-D3FC-4BEF-973C-52E3A3045D09} = {5096CC5E-D3FC-4BEF-973C-52E3A3045D09}
		{97197E6E-6919-4743-9637-DF02DE3E4667} = {97197E6E-6919-4743-9637-DF02DE3E4667}
		{1ABE5C71-095A-482B-9CAD-029D2EFDE4D8} = {1ABE5C71-095A-482B-9CAD-029D2EFDE4D8}
		{066AD282-DEFF-4D20-A0E9-B7B95B3054FB} = {066AD282-DEFF-4D20-A0E9-B7B95B3054FB}
		{0ACE7F95-561C-48AD-9645-D7CC00789004} = {0ACE7F95-561C-48AD-9645-D7CC00789004}
		{267FCE98-95C1-4C1C-90CE-56E0D903CAA7} = {267FCE98-95C1-4C1C-90CE-56E0D903CAA7}
		{334A489D-8DE8-4022-A66A-B1C210ADBAE2} = {334A489D-8DE8-4022-A66A-B1C210ADBAE2}
		{3C1860CB-434C-473E-9258-B3EBD4AA8F3D} = {3C1860CB-434C-473E-9258-B3EBD4AA8F3D}
		{3EA32DFA-FBB8-4EB3-8DBA-63E8FDCB8996} = {3EA32DFA-FBB8-4EB3-8DBA-63E8FDCB8996}
	EndProjectSection
EndProject
Project("{002A2DE9-8BB6-484D-9802-7E4AD4084715}") = "mci.cli", "src\mci\cli\mci.cli.visualdproj", "{14CFD7AD-776F-469E-8C17-5ACE3B4603A2}"
	ProjectSection(ProjectDependencies) = postProject
		{9375480A-9B77-4DE3-B19E-F40FB454A879} = {9375480A-9B77-4DE3-B19E-F40FB454A879}
		{4EFEDF14-10E5-4EE9-8EFB-9C4A8C131B64} = {4EFEDF14-10E5-4EE9-8EFB-9C4A8C131B64}
		{84F6B84D-C7EF-4DCB-AF7F-9D7295CFEDB0} = {84F6B84D-C7EF-4DCB-AF7F-9D7295CFEDB0}
		{5096CC5E-D3FC-4BEF-973C-52E3A3045D09} = {5096CC5E-D3FC-4BEF-973C-52E3A3045D09}
		{97197E6E-6919-4743-9637-DF02DE3E4667} = {97197E6E-6919-4743-9637-DF02DE3E4667}
		{1ABE5C71-095A-482B-9CAD-029D2EFDE4D8} = {1ABE5C71-095A-482B-9CAD-029D2EFDE4D8}
		{066AD282-DEFF-4D20-A0E9-B7B95B3054FB} = {066AD282-DEFF-4D20-A0E9-B7B95B3054FB}
		{0ACE7F95-561C-48AD-9645-D7CC00789004} = {0ACE7F95-561C-48AD-9645-D7CC00789004}
		{267FCE98-95C1-4C1C-90CE-56E0D903CAA7} = {267FCE98-95C1-4C1C-90CE-56E0D903CAA7}
		{334A489D-8DE8-4022-A66A-B1C210ADBAE2} = {334A489D-8DE8-4022-A66A-B1C210ADBAE2}
		{3C1860CB-434C-473E-9258-B3EBD4AA8F3D} = {3C1860CB-434C-473E-9258-B3EBD4AA8F3D}
		{3EA32DFA-FBB8-4EB3-8DBA-63E8FDCB8996} = {3EA32DFA-FBB8-4EB3-8DBA-63E8FDCB8996}
	EndProjectSection
EndProject
Project("{002A2DE9-8BB6-484D-9802-7E4AD4084715}") = "mci.vm", "src\mci\vm\mci.vm.visualdproj", "{267FCE98-95C1-4C1C-90CE-56E0D903CAA7}"
EndProject
Project("{002A2DE9-8BB6-484D-9802-7E4AD4084715}") = "mci.interpreter", "src\mci\interpreter\mci.interpreter.visualdproj", "{334A489D-8DE8-4022-A66A-B1C210ADBAE2}"
EndProject
Project("{002A2DE9-8BB6-484D-9802-7E4AD4084715}") = "mci.jit", "src\mci\jit\mci.jit.visualdproj", "{0ACE7F95-561C-48AD-9645-D7CC00789004}"
EndProject
Project("{002A2DE9-8BB6-484D-9802-7E4AD4084715}") = "libffi-d", "libffi-d\libffi-d.visualdproj", "{9375480A-9B77-4DE3-B19E-F40FB454A879}"
EndProject
Project("{002A2DE9-8BB6-484D-9802-7E4AD4084715}") = "mci.aot", "src\mci\aot\mci.aot.visualdproj", "{1ABE5C71-095A-482B-9CAD-029D2EFDE4D8}"
EndProject
Project("{002A2DE9-8BB6-484D-9802-7E4AD4084715}") = "mci.compiler", "src\mci\compiler\mci.compiler.visualdproj", "{3EA32DFA-FBB8-4EB3-8DBA-63E8FDCB8996}"
EndProject
Project("{002A2DE9-8BB6-484D-9802-7E4AD4084715}") = "mci.optimizer", "src\mci\optimizer\mci.optimizer.visualdproj", "{3C1860CB-434C-473E-9258-B3EBD4AA8F3D}"
EndProject
Project("{002A2DE9-8BB6-484D-9802-7E4AD4084715}") = "mci.verifier", "src\mci\verifier\mci.verifier.visualdproj", "{4EFEDF14-10E5-4EE9-8EFB-9C4A8C131B64}"
EndProject
Project("{002A2DE9-8BB6-484D-9802-7E4AD4084715}") = "mci.debugger", "src\mci\debugger\mci.debugger.visualdproj", "{066AD282-DEFF-4D20-A0E9-B7B95B3054FB}"
EndProject
Project("{002A2DE9-8BB6-484D-9802-7E4AD4084715}") = "mci.linker", "src\mci\linker\mci.linker.visualdproj", "{5096CC5E-D3FC-4BEF-973C-52E3A3045D09}"
EndProject
Global
	GlobalSection(SolutionConfigurationPlatforms) = preSolution
		Debug|Win32 = Debug|Win32
		Release|Win32 = Release|Win32
	EndGlobalSection
	GlobalSection(ProjectConfigurationPlatforms) = postSolution
		{84F6B84D-C7EF-4DCB-AF7F-9D7295CFEDB0}.Debug|Win32.ActiveCfg = Debug|Win32
		{84F6B84D-C7EF-4DCB-AF7F-9D7295CFEDB0}.Debug|Win32.Build.0 = Debug|Win32
		{84F6B84D-C7EF-4DCB-AF7F-9D7295CFEDB0}.Release|Win32.ActiveCfg = Release|Win32
		{84F6B84D-C7EF-4DCB-AF7F-9D7295CFEDB0}.Release|Win32.Build.0 = Release|Win32
		{97197E6E-6919-4743-9637-DF02DE3E4667}.Debug|Win32.ActiveCfg = Debug|Win32
		{97197E6E-6919-4743-9637-DF02DE3E4667}.Debug|Win32.Build.0 = Debug|Win32
		{97197E6E-6919-4743-9637-DF02DE3E4667}.Release|Win32.ActiveCfg = Release|Win32
		{97197E6E-6919-4743-9637-DF02DE3E4667}.Release|Win32.Build.0 = Release|Win32
		{409812DF-0560-45D9-B1CE-5AB1CE474A9A}.Debug|Win32.ActiveCfg = Debug|Win32
		{409812DF-0560-45D9-B1CE-5AB1CE474A9A}.Debug|Win32.Build.0 = Debug|Win32
		{409812DF-0560-45D9-B1CE-5AB1CE474A9A}.Release|Win32.ActiveCfg = Release|Win32
		{409812DF-0560-45D9-B1CE-5AB1CE474A9A}.Release|Win32.Build.0 = Release|Win32
		{14CFD7AD-776F-469E-8C17-5ACE3B4603A2}.Debug|Win32.ActiveCfg = Debug|Win32
		{14CFD7AD-776F-469E-8C17-5ACE3B4603A2}.Debug|Win32.Build.0 = Debug|Win32
		{14CFD7AD-776F-469E-8C17-5ACE3B4603A2}.Release|Win32.ActiveCfg = Release|Win32
		{14CFD7AD-776F-469E-8C17-5ACE3B4603A2}.Release|Win32.Build.0 = Release|Win32
		{267FCE98-95C1-4C1C-90CE-56E0D903CAA7}.Debug|Win32.ActiveCfg = Debug|Win32
		{267FCE98-95C1-4C1C-90CE-56E0D903CAA7}.Debug|Win32.Build.0 = Debug|Win32
		{267FCE98-95C1-4C1C-90CE-56E0D903CAA7}.Release|Win32.ActiveCfg = Release|Win32
		{267FCE98-95C1-4C1C-90CE-56E0D903CAA7}.Release|Win32.Build.0 = Release|Win32
		{334A489D-8DE8-4022-A66A-B1C210ADBAE2}.Debug|Win32.ActiveCfg = Debug|Win32
		{334A489D-8DE8-4022-A66A-B1C210ADBAE2}.Debug|Win32.Build.0 = Debug|Win32
		{334A489D-8DE8-4022-A66A-B1C210ADBAE2}.Release|Win32.ActiveCfg = Release|Win32
		{334A489D-8DE8-4022-A66A-B1C210ADBAE2}.Release|Win32.Build.0 = Release|Win32
		{0ACE7F95-561C-48AD-9645-D7CC00789004}.Debug|Win32.ActiveCfg = Debug|Win32
		{0ACE7F95-561C-48AD-9645-D7CC00789004}.Debug|Win32.Build.0 = Debug|Win32
		{0ACE7F95-561C-48AD-9645-D7CC00789004}.Release|Win32.ActiveCfg = Release|Win32
		{0ACE7F95-561C-48AD-9645-D7CC00789004}.Release|Win32.Build.0 = Release|Win32
		{9375480A-9B77-4DE3-B19E-F40FB454A879}.Debug|Win32.ActiveCfg = Debug|Win32
		{9375480A-9B77-4DE3-B19E-F40FB454A879}.Debug|Win32.Build.0 = Debug|Win32
		{9375480A-9B77-4DE3-B19E-F40FB454A879}.Release|Win32.ActiveCfg = Release|Win32
		{9375480A-9B77-4DE3-B19E-F40FB454A879}.Release|Win32.Build.0 = Release|Win32
		{1ABE5C71-095A-482B-9CAD-029D2EFDE4D8}.Debug|Win32.ActiveCfg = Debug|Win32
		{1ABE5C71-095A-482B-9CAD-029D2EFDE4D8}.Debug|Win32.Build.0 = Debug|Win32
		{1ABE5C71-095A-482B-9CAD-029D2EFDE4D8}.Release|Win32.ActiveCfg = Release|Win32
		{1ABE5C71-095A-482B-9CAD-029D2EFDE4D8}.Release|Win32.Build.0 = Release|Win32
		{3EA32DFA-FBB8-4EB3-8DBA-63E8FDCB8996}.Debug|Win32.ActiveCfg = Debug|Win32
		{3EA32DFA-FBB8-4EB3-8DBA-63E8FDCB8996}.Debug|Win32.Build.0 = Debug|Win32
		{3EA32DFA-FBB8-4EB3-8DBA-63E8FDCB8996}.Release|Win32.ActiveCfg = Release|Win32
		{3EA32DFA-FBB8-4EB3-8DBA-63E8FDCB8996}.Release|Win32.Build.0 = Release|Win32
		{3C1860CB-434C-473E-9258-B3EBD4AA8F3D}.Debug|Win32.ActiveCfg = Debug|Win32
		{3C1860CB-434C-473E-9258-B3EBD4AA8F3D}.Debug|Win32.Build.0 = Debug|Win32
		{3C1860CB-434C-473E-9258-B3EBD4AA8F3D}.Release|Win32.ActiveCfg = Release|Win32
		{3C1860CB-434C-473E-9258-B3EBD4AA8F3D}.Release|Win32.Build.0 = Release|Win32
		{4EFEDF14-10E5-4EE9-8EFB-9C4A8C131B64}.Debug|Win32.ActiveCfg = Debug|Win32
		{4EFEDF14-10E5-4EE9-8EFB-9C4A8C131B64}.Debug|Win32.Build.0 = Debug|Win32
		{4EFEDF14-10E5-4EE9-8EFB-9C4A8C131B64}.Release|Win32.ActiveCfg = Release|Win32
		{4EFEDF14-10E5-4EE9-8EFB-9C4A8C131B64}.Release|Win32.Build.0 = Release|Win32
		{066AD282-DEFF-4D20-A0E9-B7B95B3054FB}.Debug|Win32.ActiveCfg = Debug|Win32
		{066AD282-DEFF-4D20-A0E9-B7B95B3054FB}.Debug|Win32.Build.0 = Debug|Win32
		{066AD282-DEFF-4D20-A0E9-B7B95B3054FB}.Release|Win32.ActiveCfg = Release|Win32
		{066AD282-DEFF-4D20-A0E9-B7B95B3054FB}.Release|Win32.Build.0 = Release|Win32
		{5096CC5E-D3FC-4BEF-973C-52E3A3045D09}.Debug|Win32.ActiveCfg = Debug|Win32
		{5096CC5E-D3FC-4BEF-973C-52E3A3045D09}.Debug|Win32.Build.0 = Debug|Win32
		{5096CC5E-D3FC-4BEF-973C-52E3A3045D09}.Release|Win32.ActiveCfg = Release|Win32
		{5096CC5E-D3FC-4BEF-973C-52E3A3045D09}.Release|Win32.Build.0 = Release|Win32
	EndGlobalSection
	GlobalSection(SolutionProperties) = preSolution
		HideSolutionNode = FALSE
	EndGlobalSection
	GlobalSection(NestedProjects) = preSolution
		{20057E24-56A3-437A-AC7A-0919CADB78BE} = {9956EC64-ACD3-4F73-A4E9-DEC06207DC54}
	EndGlobalSection
EndGlobal
