
Microsoft Visual Studio Solution File, Format Version 11.00
# Visual Studio 2010
Project("{002A2DE9-8BB6-484D-9802-7E4AD4084715}") = "mci.core", "mci\core\mci.core.visualdproj", "{84F6B84D-C7EF-4DCB-AF7F-9D7295CFEDB0}"
EndProject
Project("{2150E333-8FDC-42A3-9474-1A3956D46DE8}") = "Documents", "Documents", "{15874E22-14B9-4AB7-A121-9C3AE378BEE7}"
	ProjectSection(SolutionItems) = preProject
		AUTHORS = AUTHORS
		COMPATIBILITY = COMPATIBILITY
		INSTALL = INSTALL
		LICENSE = LICENSE
		README = README
	EndProjectSection
EndProject
Project("{002A2DE9-8BB6-484D-9802-7E4AD4084715}") = "mci.assembler", "mci\assembler\mci.assembler.visualdproj", "{97197E6E-6919-4743-9637-DF02DE3E4667}"
	ProjectSection(ProjectDependencies) = postProject
		{84F6B84D-C7EF-4DCB-AF7F-9D7295CFEDB0} = {84F6B84D-C7EF-4DCB-AF7F-9D7295CFEDB0}
	EndProjectSection
EndProject
Project("{2150E333-8FDC-42A3-9474-1A3956D46DE8}") = "Miscellaneous", "Miscellaneous", "{F6494086-CE93-4F63-8501-29FD51EA7A71}"
	ProjectSection(SolutionItems) = preProject
		Makefile = Makefile
		mci.gdb = mci.gdb
	EndProjectSection
EndProject
Project("{2150E333-8FDC-42A3-9474-1A3956D46DE8}") = "Documentation", "Documentation", "{9956EC64-ACD3-4F73-A4E9-DEC06207DC54}"
	ProjectSection(SolutionItems) = preProject
		docs\index.rst = docs\index.rst
		docs\introduction.rst = docs\introduction.rst
	EndProjectSection
EndProject
Project("{2150E333-8FDC-42A3-9474-1A3956D46DE8}") = "Build", "Build", "{20057E24-56A3-437A-AC7A-0919CADB78BE}"
	ProjectSection(SolutionItems) = preProject
		docs\conf.py = docs\conf.py
		docs\make.bat = docs\make.bat
		docs\Makefile = docs\Makefile
	EndProjectSection
EndProject
Project("{002A2DE9-8BB6-484D-9802-7E4AD4084715}") = "mci.tester", "mci\tester\mci.tester.visualdproj", "{409812DF-0560-45D9-B1CE-5AB1CE474A9A}"
	ProjectSection(ProjectDependencies) = postProject
		{84F6B84D-C7EF-4DCB-AF7F-9D7295CFEDB0} = {84F6B84D-C7EF-4DCB-AF7F-9D7295CFEDB0}
		{97197E6E-6919-4743-9637-DF02DE3E4667} = {97197E6E-6919-4743-9637-DF02DE3E4667}
	EndProjectSection
EndProject
Project("{002A2DE9-8BB6-484D-9802-7E4AD4084715}") = "mci.cli", "mci\cli\mci.cli.visualdproj", "{14CFD7AD-776F-469E-8C17-5ACE3B4603A2}"
	ProjectSection(ProjectDependencies) = postProject
		{84F6B84D-C7EF-4DCB-AF7F-9D7295CFEDB0} = {84F6B84D-C7EF-4DCB-AF7F-9D7295CFEDB0}
		{97197E6E-6919-4743-9637-DF02DE3E4667} = {97197E6E-6919-4743-9637-DF02DE3E4667}
	EndProjectSection
EndProject
Global
	GlobalSection(SolutionConfigurationPlatforms) = preSolution
		Debug|Win32 = Debug|Win32
		Release|Win32 = Release|Win32
		Test|Win32 = Test|Win32
	EndGlobalSection
	GlobalSection(ProjectConfigurationPlatforms) = postSolution
		{84F6B84D-C7EF-4DCB-AF7F-9D7295CFEDB0}.Debug|Win32.ActiveCfg = Debug|Win32
		{84F6B84D-C7EF-4DCB-AF7F-9D7295CFEDB0}.Debug|Win32.Build.0 = Debug|Win32
		{84F6B84D-C7EF-4DCB-AF7F-9D7295CFEDB0}.Release|Win32.ActiveCfg = Release|Win32
		{84F6B84D-C7EF-4DCB-AF7F-9D7295CFEDB0}.Release|Win32.Build.0 = Release|Win32
		{84F6B84D-C7EF-4DCB-AF7F-9D7295CFEDB0}.Test|Win32.ActiveCfg = Test|Win32
		{84F6B84D-C7EF-4DCB-AF7F-9D7295CFEDB0}.Test|Win32.Build.0 = Test|Win32
		{97197E6E-6919-4743-9637-DF02DE3E4667}.Debug|Win32.ActiveCfg = Debug|Win32
		{97197E6E-6919-4743-9637-DF02DE3E4667}.Debug|Win32.Build.0 = Debug|Win32
		{97197E6E-6919-4743-9637-DF02DE3E4667}.Release|Win32.ActiveCfg = Release|Win32
		{97197E6E-6919-4743-9637-DF02DE3E4667}.Release|Win32.Build.0 = Release|Win32
		{97197E6E-6919-4743-9637-DF02DE3E4667}.Test|Win32.ActiveCfg = Test|Win32
		{97197E6E-6919-4743-9637-DF02DE3E4667}.Test|Win32.Build.0 = Test|Win32
		{409812DF-0560-45D9-B1CE-5AB1CE474A9A}.Debug|Win32.ActiveCfg = Test|Win32
		{409812DF-0560-45D9-B1CE-5AB1CE474A9A}.Release|Win32.ActiveCfg = Test|Win32
		{409812DF-0560-45D9-B1CE-5AB1CE474A9A}.Test|Win32.ActiveCfg = Test|Win32
		{409812DF-0560-45D9-B1CE-5AB1CE474A9A}.Test|Win32.Build.0 = Test|Win32
		{14CFD7AD-776F-469E-8C17-5ACE3B4603A2}.Debug|Win32.ActiveCfg = Debug|Win32
		{14CFD7AD-776F-469E-8C17-5ACE3B4603A2}.Debug|Win32.Build.0 = Debug|Win32
		{14CFD7AD-776F-469E-8C17-5ACE3B4603A2}.Release|Win32.ActiveCfg = Release|Win32
		{14CFD7AD-776F-469E-8C17-5ACE3B4603A2}.Release|Win32.Build.0 = Release|Win32
		{14CFD7AD-776F-469E-8C17-5ACE3B4603A2}.Test|Win32.ActiveCfg = Test|Win32
		{14CFD7AD-776F-469E-8C17-5ACE3B4603A2}.Test|Win32.Build.0 = Test|Win32
	EndGlobalSection
	GlobalSection(SolutionProperties) = preSolution
		HideSolutionNode = FALSE
	EndGlobalSection
	GlobalSection(NestedProjects) = preSolution
		{20057E24-56A3-437A-AC7A-0919CADB78BE} = {9956EC64-ACD3-4F73-A4E9-DEC06207DC54}
	EndGlobalSection
EndGlobal
